{
  "version": 4,
  "terraform_version": "1.13.5",
  "serial": 9,
  "lineage": "00275347-2863-e7a4-0fbf-1419bc761225",
  "outputs": {
    "bucket_arn": {
      "value": "arn:aws:s3:::my-local-bucket",
      "type": "string"
    },
    "bucket_name": {
      "value": "my-local-bucket",
      "type": "string"
    },
    "bucket_urls": {
      "value": {
        "path_style": "http://localhost:4566/my-local-bucket",
        "virtual_hosted": "http://my-local-bucket.s3.localhost.localstack.cloud:4566"
      },
      "type": [
        "object",
        {
          "path_style": "string",
          "virtual_hosted": "string"
        }
      ]
    },
    "infrastructure": {
      "value": {
        "bucket_arn": "arn:aws:s3:::my-local-bucket",
        "bucket_domain_name": "my-local-bucket.s3.amazonaws.com",
        "bucket_id": "my-local-bucket",
        "bucket_name": "my-local-bucket",
        "bucket_regional_domain_name": "my-local-bucket.s3.eu-central-1.amazonaws.com",
        "hosted_zone_id": "Z21DNDUVLTQW6Q",
        "url_path_style": "http://localhost:4566/my-local-bucket",
        "url_virtual_hosted": "http://my-local-bucket.s3.localhost.localstack.cloud:4566"
      },
      "type": [
        "object",
        {
          "bucket_arn": "string",
          "bucket_domain_name": "string",
          "bucket_id": "string",
          "bucket_name": "string",
          "bucket_regional_domain_name": "string",
          "hosted_zone_id": "string",
          "url_path_style": "string",
          "url_virtual_hosted": "string"
        }
      ]
    }
  },
  "resources": [
    {
      "mode": "managed",
      "type": "aws_s3_bucket",
      "name": "test_bucket",
      "provider": "provider[\"registry.terraform.io/hashicorp/aws\"]",
      "instances": [
        {
          "schema_version": 0,
          "attributes": {
            "acceleration_status": "",
            "acl": null,
            "arn": "arn:aws:s3:::my-local-bucket",
            "bucket": "my-local-bucket",
            "bucket_domain_name": "my-local-bucket.s3.amazonaws.com",
            "bucket_namespace": "global",
            "bucket_prefix": "",
            "bucket_region": "eu-central-1",
            "bucket_regional_domain_name": "my-local-bucket.s3.eu-central-1.amazonaws.com",
            "cors_rule": [],
            "force_destroy": false,
            "grant": [
              {
                "id": "75aa57f09aa0c8caeab4f8c24e99d10f8e7faeebf76c078efc7c6caea54ba06a",
                "permissions": [
                  "FULL_CONTROL"
                ],
                "type": "CanonicalUser",
                "uri": ""
              }
            ],
            "hosted_zone_id": "Z21DNDUVLTQW6Q",
            "id": "my-local-bucket",
            "lifecycle_rule": [],
            "logging": [],
            "object_lock_configuration": [],
            "object_lock_enabled": false,
            "policy": "",
            "region": "eu-central-1",
            "replication_configuration": [],
            "request_payer": "BucketOwner",
            "server_side_encryption_configuration": [
              {
                "rule": [
                  {
                    "apply_server_side_encryption_by_default": [
                      {
                        "kms_master_key_id": "",
                        "sse_algorithm": "AES256"
                      }
                    ],
                    "bucket_key_enabled": false
                  }
                ]
              }
            ],
            "tags": {},
            "tags_all": {},
            "timeouts": null,
            "versioning": [
              {
                "enabled": false,
                "mfa_delete": false
              }
            ],
            "website": [],
            "website_domain": null,
            "website_endpoint": null
          },
          "sensitive_attributes": [],
          "identity_schema_version": 0,
          "identity": {
            "account_id": "",
            "bucket": "my-local-bucket",
            "region": "eu-central-1"
          },
          "private": "eyJlMmJmYjczMC1lY2FhLTExZTYtOGY4OC0zNDM2M2JjN2M0YzAiOnsiY3JlYXRlIjoxMjAwMDAwMDAwMDAwLCJkZWxldGUiOjM2MDAwMDAwMDAwMDAsInJlYWQiOjEyMDAwMDAwMDAwMDAsInVwZGF0ZSI6MTIwMDAwMDAwMDAwMH19"
        }
      ]
    }
  ],
  "check_results": null
}
